
Microsoft Visual Studio Solution File, Format Version 12.00
# Visual Studio 15
VisualStudioVersion = 15.0.28307.168
MinimumVisualStudioVersion = 10.0.40219.1
Project("{FAE04EC0-301F-11D3-BF4B-00C04F79EFBC}") = "ComplexCalculator", "ComplexCalculator\ComplexCalculator.csproj", "{F68E3D81-54DD-45AB-B1C1-CEDD949B56BC}"
EndProject
Project("{9A19103F-16F7-4668-BE54-9A1E7A4F7556}") = "ComplexCalculator.Test", "ComplexCalculator.Test\ComplexCalculator.Test.csproj", "{18237E03-DB31-4191-93C0-725A77DE0023}"
EndProject
Project("{FAE04EC0-301F-11D3-BF4B-00C04F79EFBC}") = "ComplexCalculator.Client", "ComplexCalculator.Client\ComplexCalculator.Client.csproj", "{8AA7ADC6-63BE-46CC-9E82-9524759697C7}"
EndProject
Global
	GlobalSection(SolutionConfigurationPlatforms) = preSolution
		Debug|Any CPU = Debug|Any CPU
		Release|Any CPU = Release|Any CPU
	EndGlobalSection
	GlobalSection(ProjectConfigurationPlatforms) = postSolution
		{F68E3D81-54DD-45AB-B1C1-CEDD949B56BC}.Debug|Any CPU.ActiveCfg = Debug|Any CPU
		{F68E3D81-54DD-45AB-B1C1-CEDD949B56BC}.Debug|Any CPU.Build.0 = Debug|Any CPU
		{F68E3D81-54DD-45AB-B1C1-CEDD949B56BC}.Release|Any CPU.ActiveCfg = Release|Any CPU
		{F68E3D81-54DD-45AB-B1C1-CEDD949B56BC}.Release|Any CPU.Build.0 = Release|Any CPU
		{18237E03-DB31-4191-93C0-725A77DE0023}.Debug|Any CPU.ActiveCfg = Debug|Any CPU
		{18237E03-DB31-4191-93C0-725A77DE0023}.Debug|Any CPU.Build.0 = Debug|Any CPU
		{18237E03-DB31-4191-93C0-725A77DE0023}.Release|Any CPU.ActiveCfg = Release|Any CPU
		{18237E03-DB31-4191-93C0-725A77DE0023}.Release|Any CPU.Build.0 = Release|Any CPU
		{8AA7ADC6-63BE-46CC-9E82-9524759697C7}.Debug|Any CPU.ActiveCfg = Debug|Any CPU
		{8AA7ADC6-63BE-46CC-9E82-9524759697C7}.Debug|Any CPU.Build.0 = Debug|Any CPU
		{8AA7ADC6-63BE-46CC-9E82-9524759697C7}.Release|Any CPU.ActiveCfg = Release|Any CPU
		{8AA7ADC6-63BE-46CC-9E82-9524759697C7}.Release|Any CPU.Build.0 = Release|Any CPU
	EndGlobalSection
	GlobalSection(SolutionProperties) = preSolution
		HideSolutionNode = FALSE
	EndGlobalSection
	GlobalSection(ExtensibilityGlobals) = postSolution
		SolutionGuid = {DA0A4A20-780C-40F5-B148-241334C02CC2}
	EndGlobalSection
EndGlobal
